{
    "name": "rf24js-ap",
    "version": "0.0.1",
    "lockfileVersion": 1,
    "requires": true,
    "dependencies": {
        "@types/node": {
            "version": "8.0.47",
            "resolved": "https://registry.npmjs.org/@types/node/-/node-8.0.47.tgz",
            "integrity": "sha512-kOwL746WVvt/9Phf6/JgX/bsGQvbrK5iUgzyfwZNcKVFcjAUVSpF9HxevLTld2SG9aywYHOILj38arDdY1r/iQ=="
        },
        "@types/onoff": {
            "version": "0.0.27",
            "resolved": "https://registry.npmjs.org/@types/onoff/-/onoff-0.0.27.tgz",
            "integrity": "sha1-V3fk2EWEsACiLUtfPQSZuYrlRHg=",
            "dev": true,
            "requires": {
                "@types/node": "8.0.47"
            }
        },
        "bindings": {
            "version": "1.3.0",
            "resolved": "https://registry.npmjs.org/bindings/-/bindings-1.3.0.tgz",
            "integrity": "sha512-DpLh5EzMR2kzvX1KIlVC0VkC3iZtHKTgdtZ0a3pglBZdaQFjt5S9g9xd1lE+YvXyfd6mtCeRnrUfOLYiTMlNSw=="
        },
        "byte-serializer": {
            "version": "0.0.5",
            "resolved": "https://registry.npmjs.org/byte-serializer/-/byte-serializer-0.0.5.tgz",
            "integrity": "sha512-LIMiO2eRj+b2QS1d6xasyyJwAIM/PPqA5U9Te+lRXcEkhFluLg7tOhFZa/ymHj63SKL3KyDXKtgPSx5DXlNFZQ=="
        },
        "crc-full": {
            "version": "1.0.0",
            "resolved": "https://registry.npmjs.org/crc-full/-/crc-full-1.0.0.tgz",
            "integrity": "sha512-OnAf1kiYaoMlTI6mJhzuCJQfaXBGY8hpfCaqgK4Df8zGddgzcgGjlYR1lDiNCirWyui4Wbf6MePNLVDJN76Bvw=="
        },
        "epoll": {
            "version": "1.0.0",
            "resolved": "https://registry.npmjs.org/epoll/-/epoll-1.0.0.tgz",
            "integrity": "sha512-AFx+C1n8CS7/W/7L+BG4GGFgQVsexYVcQjI5Ru0ahoc14UnKskwkXIToTwSutTHDf6OP4jQwaVRoIZAwlOjPng==",
            "requires": {
                "bindings": "1.3.0",
                "nan": "2.7.0"
            }
        },
        "nan": {
            "version": "2.7.0",
            "resolved": "https://registry.npmjs.org/nan/-/nan-2.7.0.tgz",
            "integrity": "sha1-2Vv3IeyHfgjbJ27T/G63j5CDrUY="
        },
        "onoff": {
            "version": "1.1.8",
            "resolved": "https://registry.npmjs.org/onoff/-/onoff-1.1.8.tgz",
            "integrity": "sha512-11UA8YvaCJFN3riReWw6T1PmfOh/2f+DJHXQ/Bm9VKREjWUvyjkbS5GUSOqRqYksfpcJ3ACkuY4LjW+Shcyypw==",
            "requires": {
                "epoll": "1.0.0"
            }
        },
        "rf24js": {
            "version": "2.0.3",
            "resolved": "https://registry.npmjs.org/rf24js/-/rf24js-2.0.3.tgz",
            "integrity": "sha512-ujHCpbd3vevONg5noi7DXvJAxwsCUPEBuiNp5MlcU8WTZCm8059KmHAFmSK7FJ65LEM1JF+nbv0tI3mR+3sogQ==",
            "requires": {
                "@types/node": "8.0.47",
                "bindings": "1.3.0",
                "nan": "2.7.0"
            }
        }
    }
}
